
Microsoft Visual Studio Solution File, Format Version 12.00
# Visual Studio Version 16
VisualStudioVersion = 16.0.30907.101
MinimumVisualStudioVersion = 10.0.40219.1
Project("{9A19103F-16F7-4668-BE54-9A1E7A4F7556}") = "Ders 3 - 2 (Matematik)", "Ders 3 - 2 (Matematik)\Ders 3 - 2 (Matematik).csproj", "{332123C5-E9E1-47DF-BAEF-5716722FCAAA}"
EndProject
Project("{9A19103F-16F7-4668-BE54-9A1E7A4F7556}") = "Ders 3 - 1 (Metodlar)", "Ders 3 - 1 (Metodlar)\Ders 3 - 1 (Metodlar).csproj", "{5515A686-2A69-43DB-BD1D-64C798B0E5FF}"
EndProject
Project("{2150E333-8FDC-42A3-9474-1A3956D46DE8}") = "Ders 3", "Ders 3", "{270A0A1D-9C93-427C-9494-738DB849F826}"
EndProject
Project("{9A19103F-16F7-4668-BE54-9A1E7A4F7556}") = "Ders 3 - 3 (Deger ve Referans Tipler)", "Ders 3 - 3 (Deger ve Referans Tipler)\Ders 3 - 3 (Deger ve Referans Tipler).csproj", "{23F6F055-3EF7-452F-8768-033DD00DD612}"
EndProject
Project("{2150E333-8FDC-42A3-9474-1A3956D46DE8}") = "Ders 4", "Ders 4", "{4A89EA83-6B10-435D-BE37-EFE3DEF2E84E}"
EndProject
Project("{9A19103F-16F7-4668-BE54-9A1E7A4F7556}") = "Ders 3 - Ödev 3 (Class Metod Demo)", "Ders 3 - Ödev 3\Ders 3 - Ödev 3 (Class Metod Demo).csproj", "{A5791B22-0F0D-463A-8F0C-01987C7C7214}"
EndProject
Project("{9A19103F-16F7-4668-BE54-9A1E7A4F7556}") = "Ders 4 - 1 (OOP1)", "Ders 4 - 1 (OOP1)\Ders 4 - 1 (OOP1).csproj", "{84AF04F4-8039-4FE4-AAFE-EB5D1B391509}"
EndProject
Project("{9A19103F-16F7-4668-BE54-9A1E7A4F7556}") = "Ders 4 - 2 (Koleksiyonlar)", "Ders 4 - 2 (Koleksiyonlar)\Ders 4 - 2 (Koleksiyonlar).csproj", "{749BCD20-EFC3-44D8-A381-955B36324235}"
EndProject
Project("{9A19103F-16F7-4668-BE54-9A1E7A4F7556}") = "Ders 4 - 3 (GenericsIntro)", "Ders 4 - 3 (GenericsIntro)\Ders 4 - 3 (GenericsIntro).csproj", "{13D15FBC-8432-4032-89B1-A7F6C3FF10F1}"
EndProject
Project("{2150E333-8FDC-42A3-9474-1A3956D46DE8}") = "Ders 5", "Ders 5", "{42A07F57-91E3-4D0B-9235-B659C783610E}"
EndProject
Project("{9A19103F-16F7-4668-BE54-9A1E7A4F7556}") = "Ders 4 - Ödev 5 (Dictionary)", "Ders 4 - Ödev 5 (Dictionary)\Ders 4 - Ödev 5 (Dictionary).csproj", "{07522F8A-72D4-4545-87D7-1135AB0D2F4C}"
EndProject
Project("{9A19103F-16F7-4668-BE54-9A1E7A4F7556}") = "Ders 5 - 1 (OOP2)", "Ders 5 - 1 (OOP2)\Ders 5 - 1 (OOP2).csproj", "{908F65B8-E875-4C10-A21C-26973C987882}"
EndProject
Project("{9A19103F-16F7-4668-BE54-9A1E7A4F7556}") = "Ders 5 - 2 (OOP3)", "Ders 5 - 2 (OOP3)\Ders 5 - 2 (OOP3).csproj", "{95B2446D-7301-42E4-AD5F-2F7E7D1E456F}"
EndProject
Project("{9A19103F-16F7-4668-BE54-9A1E7A4F7556}") = "Ders 5 - Ödev 5 (Oyun)", "Ders 5 - Ödev 5 (Oyun)\Ders 5 - Ödev 5 (Oyun).csproj", "{C53A7CAA-012C-4F10-8639-40FFC9B8E2C4}"
EndProject
Project("{2150E333-8FDC-42A3-9474-1A3956D46DE8}") = "Ders 7", "Ders 7", "{06664AD7-4103-40F8-9C66-39DAA9504477}"
EndProject
Global
	GlobalSection(SolutionConfigurationPlatforms) = preSolution
		Debug|Any CPU = Debug|Any CPU
		Release|Any CPU = Release|Any CPU
	EndGlobalSection
	GlobalSection(ProjectConfigurationPlatforms) = postSolution
		{332123C5-E9E1-47DF-BAEF-5716722FCAAA}.Debug|Any CPU.ActiveCfg = Debug|Any CPU
		{332123C5-E9E1-47DF-BAEF-5716722FCAAA}.Debug|Any CPU.Build.0 = Debug|Any CPU
		{332123C5-E9E1-47DF-BAEF-5716722FCAAA}.Release|Any CPU.ActiveCfg = Release|Any CPU
		{332123C5-E9E1-47DF-BAEF-5716722FCAAA}.Release|Any CPU.Build.0 = Release|Any CPU
		{5515A686-2A69-43DB-BD1D-64C798B0E5FF}.Debug|Any CPU.ActiveCfg = Debug|Any CPU
		{5515A686-2A69-43DB-BD1D-64C798B0E5FF}.Debug|Any CPU.Build.0 = Debug|Any CPU
		{5515A686-2A69-43DB-BD1D-64C798B0E5FF}.Release|Any CPU.ActiveCfg = Release|Any CPU
		{5515A686-2A69-43DB-BD1D-64C798B0E5FF}.Release|Any CPU.Build.0 = Release|Any CPU
		{23F6F055-3EF7-452F-8768-033DD00DD612}.Debug|Any CPU.ActiveCfg = Debug|Any CPU
		{23F6F055-3EF7-452F-8768-033DD00DD612}.Debug|Any CPU.Build.0 = Debug|Any CPU
		{23F6F055-3EF7-452F-8768-033DD00DD612}.Release|Any CPU.ActiveCfg = Release|Any CPU
		{23F6F055-3EF7-452F-8768-033DD00DD612}.Release|Any CPU.Build.0 = Release|Any CPU
		{A5791B22-0F0D-463A-8F0C-01987C7C7214}.Debug|Any CPU.ActiveCfg = Debug|Any CPU
		{A5791B22-0F0D-463A-8F0C-01987C7C7214}.Debug|Any CPU.Build.0 = Debug|Any CPU
		{A5791B22-0F0D-463A-8F0C-01987C7C7214}.Release|Any CPU.ActiveCfg = Release|Any CPU
		{A5791B22-0F0D-463A-8F0C-01987C7C7214}.Release|Any CPU.Build.0 = Release|Any CPU
		{84AF04F4-8039-4FE4-AAFE-EB5D1B391509}.Debug|Any CPU.ActiveCfg = Debug|Any CPU
		{84AF04F4-8039-4FE4-AAFE-EB5D1B391509}.Debug|Any CPU.Build.0 = Debug|Any CPU
		{84AF04F4-8039-4FE4-AAFE-EB5D1B391509}.Release|Any CPU.ActiveCfg = Release|Any CPU
		{84AF04F4-8039-4FE4-AAFE-EB5D1B391509}.Release|Any CPU.Build.0 = Release|Any CPU
		{749BCD20-EFC3-44D8-A381-955B36324235}.Debug|Any CPU.ActiveCfg = Debug|Any CPU
		{749BCD20-EFC3-44D8-A381-955B36324235}.Debug|Any CPU.Build.0 = Debug|Any CPU
		{749BCD20-EFC3-44D8-A381-955B36324235}.Release|Any CPU.ActiveCfg = Release|Any CPU
		{749BCD20-EFC3-44D8-A381-955B36324235}.Release|Any CPU.Build.0 = Release|Any CPU
		{13D15FBC-8432-4032-89B1-A7F6C3FF10F1}.Debug|Any CPU.ActiveCfg = Debug|Any CPU
		{13D15FBC-8432-4032-89B1-A7F6C3FF10F1}.Debug|Any CPU.Build.0 = Debug|Any CPU
		{13D15FBC-8432-4032-89B1-A7F6C3FF10F1}.Release|Any CPU.ActiveCfg = Release|Any CPU
		{13D15FBC-8432-4032-89B1-A7F6C3FF10F1}.Release|Any CPU.Build.0 = Release|Any CPU
		{07522F8A-72D4-4545-87D7-1135AB0D2F4C}.Debug|Any CPU.ActiveCfg = Debug|Any CPU
		{07522F8A-72D4-4545-87D7-1135AB0D2F4C}.Debug|Any CPU.Build.0 = Debug|Any CPU
		{07522F8A-72D4-4545-87D7-1135AB0D2F4C}.Release|Any CPU.ActiveCfg = Release|Any CPU
		{07522F8A-72D4-4545-87D7-1135AB0D2F4C}.Release|Any CPU.Build.0 = Release|Any CPU
		{908F65B8-E875-4C10-A21C-26973C987882}.Debug|Any CPU.ActiveCfg = Debug|Any CPU
		{908F65B8-E875-4C10-A21C-26973C987882}.Debug|Any CPU.Build.0 = Debug|Any CPU
		{908F65B8-E875-4C10-A21C-26973C987882}.Release|Any CPU.ActiveCfg = Release|Any CPU
		{908F65B8-E875-4C10-A21C-26973C987882}.Release|Any CPU.Build.0 = Release|Any CPU
		{95B2446D-7301-42E4-AD5F-2F7E7D1E456F}.Debug|Any CPU.ActiveCfg = Debug|Any CPU
		{95B2446D-7301-42E4-AD5F-2F7E7D1E456F}.Debug|Any CPU.Build.0 = Debug|Any CPU
		{95B2446D-7301-42E4-AD5F-2F7E7D1E456F}.Release|Any CPU.ActiveCfg = Release|Any CPU
		{95B2446D-7301-42E4-AD5F-2F7E7D1E456F}.Release|Any CPU.Build.0 = Release|Any CPU
		{C53A7CAA-012C-4F10-8639-40FFC9B8E2C4}.Debug|Any CPU.ActiveCfg = Debug|Any CPU
		{C53A7CAA-012C-4F10-8639-40FFC9B8E2C4}.Debug|Any CPU.Build.0 = Debug|Any CPU
		{C53A7CAA-012C-4F10-8639-40FFC9B8E2C4}.Release|Any CPU.ActiveCfg = Release|Any CPU
		{C53A7CAA-012C-4F10-8639-40FFC9B8E2C4}.Release|Any CPU.Build.0 = Release|Any CPU
	EndGlobalSection
	GlobalSection(SolutionProperties) = preSolution
		HideSolutionNode = FALSE
	EndGlobalSection
	GlobalSection(NestedProjects) = preSolution
		{332123C5-E9E1-47DF-BAEF-5716722FCAAA} = {270A0A1D-9C93-427C-9494-738DB849F826}
		{5515A686-2A69-43DB-BD1D-64C798B0E5FF} = {270A0A1D-9C93-427C-9494-738DB849F826}
		{23F6F055-3EF7-452F-8768-033DD00DD612} = {270A0A1D-9C93-427C-9494-738DB849F826}
		{A5791B22-0F0D-463A-8F0C-01987C7C7214} = {270A0A1D-9C93-427C-9494-738DB849F826}
		{84AF04F4-8039-4FE4-AAFE-EB5D1B391509} = {4A89EA83-6B10-435D-BE37-EFE3DEF2E84E}
		{749BCD20-EFC3-44D8-A381-955B36324235} = {4A89EA83-6B10-435D-BE37-EFE3DEF2E84E}
		{13D15FBC-8432-4032-89B1-A7F6C3FF10F1} = {4A89EA83-6B10-435D-BE37-EFE3DEF2E84E}
		{07522F8A-72D4-4545-87D7-1135AB0D2F4C} = {4A89EA83-6B10-435D-BE37-EFE3DEF2E84E}
		{908F65B8-E875-4C10-A21C-26973C987882} = {42A07F57-91E3-4D0B-9235-B659C783610E}
		{95B2446D-7301-42E4-AD5F-2F7E7D1E456F} = {42A07F57-91E3-4D0B-9235-B659C783610E}
		{C53A7CAA-012C-4F10-8639-40FFC9B8E2C4} = {42A07F57-91E3-4D0B-9235-B659C783610E}
	EndGlobalSection
	GlobalSection(ExtensibilityGlobals) = postSolution
		SolutionGuid = {3FA53FC6-019D-45A6-9C6A-6D1E14A7B5EF}
	EndGlobalSection
EndGlobal
