
Microsoft Visual Studio Solution File, Format Version 12.00
# Visual Studio Version 16
VisualStudioVersion = 16.0.30907.101
MinimumVisualStudioVersion = 10.0.40219.1
Project("{FAE04EC0-301F-11D3-BF4B-00C04F79EFBC}") = "Entities", "Entities\Entities.csproj", "{549616CF-E53C-4D3A-BB1F-B68273B8B039}"
EndProject
Project("{FAE04EC0-301F-11D3-BF4B-00C04F79EFBC}") = "DataAccess", "DataAccess\DataAccess.csproj", "{33165C10-6CE4-4317-9A52-D1A55BC9BF68}"
EndProject
Project("{FAE04EC0-301F-11D3-BF4B-00C04F79EFBC}") = "Business", "Business\Business.csproj", "{4225AB4D-AD19-446A-9014-F80CA4186B52}"
EndProject
Project("{FAE04EC0-301F-11D3-BF4B-00C04F79EFBC}") = "Console", "Console\Console.csproj", "{8599E272-375E-48A8-9376-068E790B66E3}"
EndProject
Global
	GlobalSection(SolutionConfigurationPlatforms) = preSolution
		Debug|Any CPU = Debug|Any CPU
		Release|Any CPU = Release|Any CPU
	EndGlobalSection
	GlobalSection(ProjectConfigurationPlatforms) = postSolution
		{549616CF-E53C-4D3A-BB1F-B68273B8B039}.Debug|Any CPU.ActiveCfg = Debug|Any CPU
		{549616CF-E53C-4D3A-BB1F-B68273B8B039}.Debug|Any CPU.Build.0 = Debug|Any CPU
		{549616CF-E53C-4D3A-BB1F-B68273B8B039}.Release|Any CPU.ActiveCfg = Release|Any CPU
		{549616CF-E53C-4D3A-BB1F-B68273B8B039}.Release|Any CPU.Build.0 = Release|Any CPU
		{33165C10-6CE4-4317-9A52-D1A55BC9BF68}.Debug|Any CPU.ActiveCfg = Debug|Any CPU
		{33165C10-6CE4-4317-9A52-D1A55BC9BF68}.Debug|Any CPU.Build.0 = Debug|Any CPU
		{33165C10-6CE4-4317-9A52-D1A55BC9BF68}.Release|Any CPU.ActiveCfg = Release|Any CPU
		{33165C10-6CE4-4317-9A52-D1A55BC9BF68}.Release|Any CPU.Build.0 = Release|Any CPU
		{4225AB4D-AD19-446A-9014-F80CA4186B52}.Debug|Any CPU.ActiveCfg = Debug|Any CPU
		{4225AB4D-AD19-446A-9014-F80CA4186B52}.Debug|Any CPU.Build.0 = Debug|Any CPU
		{4225AB4D-AD19-446A-9014-F80CA4186B52}.Release|Any CPU.ActiveCfg = Release|Any CPU
		{4225AB4D-AD19-446A-9014-F80CA4186B52}.Release|Any CPU.Build.0 = Release|Any CPU
		{8599E272-375E-48A8-9376-068E790B66E3}.Debug|Any CPU.ActiveCfg = Debug|Any CPU
		{8599E272-375E-48A8-9376-068E790B66E3}.Debug|Any CPU.Build.0 = Debug|Any CPU
		{8599E272-375E-48A8-9376-068E790B66E3}.Release|Any CPU.ActiveCfg = Release|Any CPU
		{8599E272-375E-48A8-9376-068E790B66E3}.Release|Any CPU.Build.0 = Release|Any CPU
	EndGlobalSection
	GlobalSection(SolutionProperties) = preSolution
		HideSolutionNode = FALSE
	EndGlobalSection
	GlobalSection(ExtensibilityGlobals) = postSolution
		SolutionGuid = {3CC8D255-E7BD-4DE2-8A84-489ABF3C5271}
	EndGlobalSection
EndGlobal
